
Microsoft Visual Studio Solution File, Format Version 12.00
# Visual Studio Version 17
VisualStudioVersion = 17.5.33502.453
MinimumVisualStudioVersion = 10.0.40219.1
Project("{FAE04EC0-301F-11D3-BF4B-00C04F79EFBC}") = "6-Md-31-03", "6-Md-31-03\6-Md-31-03.csproj", "{B39595C9-3AEC-4F66-B74F-9768423A51CB}"
EndProject
Global
	GlobalSection(SolutionConfigurationPlatforms) = preSolution
		Debug|Any CPU = Debug|Any CPU
		Release|Any CPU = Release|Any CPU
	EndGlobalSection
	GlobalSection(ProjectConfigurationPlatforms) = postSolution
		{B39595C9-3AEC-4F66-B74F-9768423A51CB}.Debug|Any CPU.ActiveCfg = Debug|Any CPU
		{B39595C9-3AEC-4F66-B74F-9768423A51CB}.Debug|Any CPU.Build.0 = Debug|Any CPU
		{B39595C9-3AEC-4F66-B74F-9768423A51CB}.Release|Any CPU.ActiveCfg = Release|Any CPU
		{B39595C9-3AEC-4F66-B74F-9768423A51CB}.Release|Any CPU.Build.0 = Release|Any CPU
	EndGlobalSection
	GlobalSection(SolutionProperties) = preSolution
		HideSolutionNode = FALSE
	EndGlobalSection
	GlobalSection(ExtensibilityGlobals) = postSolution
		SolutionGuid = {6FA10D20-125D-4862-8E39-E967CD508E13}
	EndGlobalSection
EndGlobal
